
Microsoft Visual Studio Solution File, Format Version 10.00
# Visual Studio 2008
Project("{FAE04EC0-301F-11D3-BF4B-00C04F79EFBC}") = "Backend", "Backend\Backend.csproj", "{B2882923-35FC-45CE-9256-B4BE47F2E444}"
EndProject
Project("{FAE04EC0-301F-11D3-BF4B-00C04F79EFBC}") = "Jappy", "Frontend\Jappy.csproj", "{F5A0280A-AC35-4767-9EE5-3234DB4004C5}"
EndProject
Project("{FAE04EC0-301F-11D3-BF4B-00C04F79EFBC}") = "AdamMil.IO", "..\AdamMil.net\IO\AdamMil.IO.csproj", "{CEB9BC77-B63F-40A1-BEDE-7C32E9B90D55}"
EndProject
Project("{FAE04EC0-301F-11D3-BF4B-00C04F79EFBC}") = "AdamMil.Utilities", "..\AdamMil.net\Utilities\AdamMil.Utilities.csproj", "{29134637-6D08-432C-8161-9DEEE13C955D}"
EndProject
Global
	GlobalSection(SubversionScc) = preSolution
		Svn-Managed = True
		Manager = AnkhSVN - Subversion Support for Visual Studio
	EndGlobalSection
	GlobalSection(SolutionConfigurationPlatforms) = preSolution
		Debug|Any CPU = Debug|Any CPU
		Release|Any CPU = Release|Any CPU
	EndGlobalSection
	GlobalSection(ProjectConfigurationPlatforms) = postSolution
		{B2882923-35FC-45CE-9256-B4BE47F2E444}.Debug|Any CPU.ActiveCfg = Debug|Any CPU
		{B2882923-35FC-45CE-9256-B4BE47F2E444}.Debug|Any CPU.Build.0 = Debug|Any CPU
		{B2882923-35FC-45CE-9256-B4BE47F2E444}.Release|Any CPU.ActiveCfg = Release|Any CPU
		{B2882923-35FC-45CE-9256-B4BE47F2E444}.Release|Any CPU.Build.0 = Release|Any CPU
		{F5A0280A-AC35-4767-9EE5-3234DB4004C5}.Debug|Any CPU.ActiveCfg = Debug|Any CPU
		{F5A0280A-AC35-4767-9EE5-3234DB4004C5}.Debug|Any CPU.Build.0 = Debug|Any CPU
		{F5A0280A-AC35-4767-9EE5-3234DB4004C5}.Release|Any CPU.ActiveCfg = Release|Any CPU
		{F5A0280A-AC35-4767-9EE5-3234DB4004C5}.Release|Any CPU.Build.0 = Release|Any CPU
		{CEB9BC77-B63F-40A1-BEDE-7C32E9B90D55}.Debug|Any CPU.ActiveCfg = Debug|Any CPU
		{CEB9BC77-B63F-40A1-BEDE-7C32E9B90D55}.Debug|Any CPU.Build.0 = Debug|Any CPU
		{CEB9BC77-B63F-40A1-BEDE-7C32E9B90D55}.Release|Any CPU.ActiveCfg = Release|Any CPU
		{CEB9BC77-B63F-40A1-BEDE-7C32E9B90D55}.Release|Any CPU.Build.0 = Release|Any CPU
		{29134637-6D08-432C-8161-9DEEE13C955D}.Debug|Any CPU.ActiveCfg = Debug|Any CPU
		{29134637-6D08-432C-8161-9DEEE13C955D}.Debug|Any CPU.Build.0 = Debug|Any CPU
		{29134637-6D08-432C-8161-9DEEE13C955D}.Release|Any CPU.ActiveCfg = Release|Any CPU
		{29134637-6D08-432C-8161-9DEEE13C955D}.Release|Any CPU.Build.0 = Release|Any CPU
	EndGlobalSection
	GlobalSection(SolutionProperties) = preSolution
		HideSolutionNode = FALSE
	EndGlobalSection
EndGlobal
